// !$*UTF8*$!
{
	archiveVersion = 1;
	classes = {
	};
	objectVersion = 48;
	objects = {

/* Begin PBXBuildFile section */
		6817291D1FBC9D3C006B6274 /* AppDelegate.swift in Sources */ = {isa = PBXBuildFile; fileRef = 6817291C1FBC9D3C006B6274 /* AppDelegate.swift */; };
		6817291F1FBC9D3C006B6274 /* ViewController.swift in Sources */ = {isa = PBXBuildFile; fileRef = 6817291E1FBC9D3C006B6274 /* ViewController.swift */; };
		681729221FBC9D3C006B6274 /* Main.storyboard in Resources */ = {isa = PBXBuildFile; fileRef = 681729201FBC9D3C006B6274 /* Main.storyboard */; };
		681729251FBC9D3C006B6274 /* Pokemon_go.xcdatamodeld in Sources */ = {isa = PBXBuildFile; fileRef = 681729231FBC9D3C006B6274 /* Pokemon_go.xcdatamodeld */; };
		681729271FBC9D3C006B6274 /* Assets.xcassets in Resources */ = {isa = PBXBuildFile; fileRef = 681729261FBC9D3C006B6274 /* Assets.xcassets */; };
		6817292A1FBC9D3C006B6274 /* LaunchScreen.storyboard in Resources */ = {isa = PBXBuildFile; fileRef = 681729281FBC9D3C006B6274 /* LaunchScreen.storyboard */; };
		681729331FBCB476006B6274 /* MapKit.framework in Frameworks */ = {isa = PBXBuildFile; fileRef = 681729321FBCB45A006B6274 /* MapKit.framework */; };
		686BC37C1FBD8EAE007F97D8 /* PokedexViewController.swift in Sources */ = {isa = PBXBuildFile; fileRef = 686BC37B1FBD8EAE007F97D8 /* PokedexViewController.swift */; };
		686BC37F1FBD91EE007F97D8 /* CoreDataHelp.swift in Sources */ = {isa = PBXBuildFile; fileRef = 686BC37E1FBD91EE007F97D8 /* CoreDataHelp.swift */; };
/* End PBXBuildFile section */

/* Begin PBXFileReference section */
		681729191FBC9D3C006B6274 /* Pokemon go.app */ = {isa = PBXFileReference; explicitFileType = wrapper.application; includeInIndex = 0; path = "Pokemon go.app"; sourceTree = BUILT_PRODUCTS_DIR; };
		6817291C1FBC9D3C006B6274 /* AppDelegate.swift */ = {isa = PBXFileReference; lastKnownFileType = sourcecode.swift; path = AppDelegate.swift; sourceTree = "<group>"; };
		6817291E1FBC9D3C006B6274 /* ViewController.swift */ = {isa = PBXFileReference; lastKnownFileType = sourcecode.swift; path = ViewController.swift; sourceTree = "<group>"; };
		681729211FBC9D3C006B6274 /* Base */ = {isa = PBXFileReference; lastKnownFileType = file.storyboard; name = Base; path = Base.lproj/Main.storyboard; sourceTree = "<group>"; };
		681729241FBC9D3C006B6274 /* Pokemon_go.xcdatamodel */ = {isa = PBXFileReference; lastKnownFileType = wrapper.xcdatamodel; path = Pokemon_go.xcdatamodel; sourceTree = "<group>"; };
		681729261FBC9D3C006B6274 /* Assets.xcassets */ = {isa = PBXFileReference; lastKnownFileType = folder.assetcatalog; path = Assets.xcassets; sourceTree = "<group>"; };
		681729291FBC9D3C006B6274 /* Base */ = {isa = PBXFileReference; lastKnownFileType = file.storyboard; name = Base; path = Base.lproj/LaunchScreen.storyboard; sourceTree = "<group>"; };
		6817292B1FBC9D3C006B6274 /* Info.plist */ = {isa = PBXFileReference; lastKnownFileType = text.plist.xml; path = Info.plist; sourceTree = "<group>"; };
		681729321FBCB45A006B6274 /* MapKit.framework */ = {isa = PBXFileReference; lastKnownFileType = wrapper.framework; name = MapKit.framework; path = System/Library/Frameworks/MapKit.framework; sourceTree = SDKROOT; };
		686BC37B1FBD8EAE007F97D8 /* PokedexViewController.swift */ = {isa = PBXFileReference; lastKnownFileType = sourcecode.swift; path = PokedexViewController.swift; sourceTree = "<group>"; };
		686BC37E1FBD91EE007F97D8 /* CoreDataHelp.swift */ = {isa = PBXFileReference; lastKnownFileType = sourcecode.swift; path = CoreDataHelp.swift; sourceTree = "<group>"; };
/* End PBXFileReference section */

/* Begin PBXFrameworksBuildPhase section */
		681729161FBC9D3C006B6274 /* Frameworks */ = {
			isa = PBXFrameworksBuildPhase;
			buildActionMask = 2147483647;
			files = (
				681729331FBCB476006B6274 /* MapKit.framework in Frameworks */,
			);
			runOnlyForDeploymentPostprocessing = 0;
		};
/* End PBXFrameworksBuildPhase section */

/* Begin PBXGroup section */
		681729101FBC9D3C006B6274 = {
			isa = PBXGroup;
			children = (
				6817291B1FBC9D3C006B6274 /* Pokemon go */,
				6817291A1FBC9D3C006B6274 /* Products */,
				681729311FBCB459006B6274 /* Frameworks */,
			);
			sourceTree = "<group>";
		};
		6817291A1FBC9D3C006B6274 /* Products */ = {
			isa = PBXGroup;
			children = (
				681729191FBC9D3C006B6274 /* Pokemon go.app */,
			);
			name = Products;
			sourceTree = "<group>";
		};
		6817291B1FBC9D3C006B6274 /* Pokemon go */ = {
			isa = PBXGroup;
			children = (
				6817291C1FBC9D3C006B6274 /* AppDelegate.swift */,
				686BC37B1FBD8EAE007F97D8 /* PokedexViewController.swift */,
				686BC37E1FBD91EE007F97D8 /* CoreDataHelp.swift */,
				6817291E1FBC9D3C006B6274 /* ViewController.swift */,
				681729201FBC9D3C006B6274 /* Main.storyboard */,
				681729261FBC9D3C006B6274 /* Assets.xcassets */,
				681729281FBC9D3C006B6274 /* LaunchScreen.storyboard */,
				6817292B1FBC9D3C006B6274 /* Info.plist */,
				681729231FBC9D3C006B6274 /* Pokemon_go.xcdatamodeld */,
			);
			path = "Pokemon go";
			sourceTree = "<group>";
		};
		681729311FBCB459006B6274 /* Frameworks */ = {
			isa = PBXGroup;
			children = (
				681729321FBCB45A006B6274 /* MapKit.framework */,
			);
			name = Frameworks;
			sourceTree = "<group>";
		};
/* End PBXGroup section */

/* Begin PBXNativeTarget section */
		681729181FBC9D3C006B6274 /* Pokemon go */ = {
			isa = PBXNativeTarget;
			buildConfigurationList = 6817292E1FBC9D3C006B6274 /* Build configuration list for PBXNativeTarget "Pokemon go" */;
			buildPhases = (
				681729151FBC9D3C006B6274 /* Sources */,
				681729161FBC9D3C006B6274 /* Frameworks */,
				681729171FBC9D3C006B6274 /* Resources */,
			);
			buildRules = (
			);
			dependencies = (
			);
			name = "Pokemon go";
			productName = "Pokemon go";
			productReference = 681729191FBC9D3C006B6274 /* Pokemon go.app */;
			productType = "com.apple.product-type.application";
		};
/* End PBXNativeTarget section */

/* Begin PBXProject section */
		681729111FBC9D3C006B6274 /* Project object */ = {
			isa = PBXProject;
			attributes = {
				LastSwiftUpdateCheck = 0910;
				LastUpgradeCheck = 0910;
				ORGANIZATIONNAME = "Radoslav Hlinka";
				TargetAttributes = {
					681729181FBC9D3C006B6274 = {
						CreatedOnToolsVersion = 9.1;
						ProvisioningStyle = Automatic;
					};
				};
			};
			buildConfigurationList = 681729141FBC9D3C006B6274 /* Build configuration list for PBXProject "Pokemon go" */;
			compatibilityVersion = "Xcode 8.0";
			developmentRegion = en;
			hasScannedForEncodings = 0;
			knownRegions = (
				en,
				Base,
			);
			mainGroup = 681729101FBC9D3C006B6274;
			productRefGroup = 6817291A1FBC9D3C006B6274 /* Products */;
			projectDirPath = "";
			projectRoot = "";
			targets = (
				681729181FBC9D3C006B6274 /* Pokemon go */,
			);
		};
/* End PBXProject section */

/* Begin PBXResourcesBuildPhase section */
		681729171FBC9D3C006B6274 /* Resources */ = {
			isa = PBXResourcesBuildPhase;
			buildActionMask = 2147483647;
			files = (
				6817292A1FBC9D3C006B6274 /* LaunchScreen.storyboard in Resources */,
				681729271FBC9D3C006B6274 /* Assets.xcassets in Resources */,
				681729221FBC9D3C006B6274 /* Main.storyboard in Resources */,
			);
			runOnlyForDeploymentPostprocessing = 0;
		};
/* End PBXResourcesBuildPhase section */

/* Begin PBXSourcesBuildPhase section */
		681729151FBC9D3C006B6274 /* Sources */ = {
			isa = PBXSourcesBuildPhase;
			buildActionMask = 2147483647;
			files = (
				6817291F1FBC9D3C006B6274 /* ViewController.swift in Sources */,
				686BC37C1FBD8EAE007F97D8 /* PokedexViewController.swift in Sources */,
				6817291D1FBC9D3C006B6274 /* AppDelegate.swift in Sources */,
				686BC37F1FBD91EE007F97D8 /* CoreDataHelp.swift in Sources */,
				681729251FBC9D3C006B6274 /* Pokemon_go.xcdatamodeld in Sources */,
			);
			runOnlyForDeploymentPostprocessing = 0;
		};
/* End PBXSourcesBuildPhase section */

/* Begin PBXVariantGroup section */
		681729201FBC9D3C006B6274 /* Main.storyboard */ = {
			isa = PBXVariantGroup;
			children = (
				681729211FBC9D3C006B6274 /* Base */,
			);
			name = Main.storyboard;
			sourceTree = "<group>";
		};
		681729281FBC9D3C006B6274 /* LaunchScreen.storyboard */ = {
			isa = PBXVariantGroup;
			children = (
				681729291FBC9D3C006B6274 /* Base */,
			);
			name = LaunchScreen.storyboard;
			sourceTree = "<group>";
		};
/* End PBXVariantGroup section */

/* Begin XCBuildConfiguration section */
		6817292C1FBC9D3C006B6274 /* Debug */ = {
			isa = XCBuildConfiguration;
			buildSettings = {
				ALWAYS_SEARCH_USER_PATHS = NO;
				CLANG_ANALYZER_NONNULL = YES;
				CLANG_ANALYZER_NUMBER_OBJECT_CONVERSION = YES_AGGRESSIVE;
				CLANG_CXX_LANGUAGE_STANDARD = "gnu++14";
				CLANG_CXX_LIBRARY = "libc++";
				CLANG_ENABLE_MODULES = YES;
				CLANG_ENABLE_OBJC_ARC = YES;
				CLANG_WARN_BLOCK_CAPTURE_AUTORELEASING = YES;
				CLANG_WARN_BOOL_CONVERSION = YES;
				CLANG_WARN_COMMA = YES;
				CLANG_WARN_CONSTANT_CONVERSION = YES;
				CLANG_WARN_DIRECT_OBJC_ISA_USAGE = YES_ERROR;
				CLANG_WARN_DOCUMENTATION_COMMENTS = YES;
				CLANG_WARN_EMPTY_BODY = YES;
				CLANG_WARN_ENUM_CONVERSION = YES;
				CLANG_WARN_INFINITE_RECURSION = YES;
				CLANG_WARN_INT_CONVERSION = YES;
				CLANG_WARN_NON_LITERAL_NULL_CONVERSION = YES;
				CLANG_WARN_OBJC_LITERAL_CONVERSION = YES;
				CLANG_WARN_OBJC_ROOT_CLASS = YES_ERROR;
				CLANG_WARN_RANGE_LOOP_ANALYSIS = YES;
				CLANG_WARN_STRICT_PROTOTYPES = YES;
				CLANG_WARN_SUSPICIOUS_MOVE = YES;
				CLANG_WARN_UNGUARDED_AVAILABILITY = YES_AGGRESSIVE;
				CLANG_WARN_UNREACHABLE_CODE = YES;
				CLANG_WARN__DUPLICATE_METHOD_MATCH = YES;
				CODE_SIGN_IDENTITY = "iPhone Developer";
				COPY_PHASE_STRIP = NO;
				DEBUG_INFORMATION_FORMAT = dwarf;
				ENABLE_STRICT_OBJC_MSGSEND = YES;
				ENABLE_TESTABILITY = YES;
				GCC_C_LANGUAGE_STANDARD = gnu11;
				GCC_DYNAMIC_NO_PIC = NO;
				GCC_NO_COMMON_BLOCKS = YES;
				GCC_OPTIMIZATION_LEVEL = 0;
				GCC_PREPROCESSOR_DEFINITIONS = (
					"DEBUG=1",
					"$(inherited)",
				);
				GCC_WARN_64_TO_32_BIT_CONVERSION = YES;
				GCC_WARN_ABOUT_RETURN_TYPE = YES_ERROR;
				GCC_WARN_UNDECLARED_SELECTOR = YES;
				GCC_WARN_UNINITIALIZED_AUTOS = YES_AGGRESSIVE;
				GCC_WARN_UNUSED_FUNCTION = YES;
				GCC_WARN_UNUSED_VARIABLE = YES;
				IPHONEOS_DEPLOYMENT_TARGET = 11.1;
				MTL_ENABLE_DEBUG_INFO = YES;
				ONLY_ACTIVE_ARCH = YES;
				SDKROOT = iphoneos;
				SWIFT_ACTIVE_COMPILATION_CONDITIONS = DEBUG;
				SWIFT_OPTIMIZATION_LEVEL = "-Onone";
			};
			name = Debug;
		};
		6817292D1FBC9D3C006B6274 /* Release */ = {
			isa = XCBuildConfiguration;
			buildSettings = {
				ALWAYS_SEARCH_USER_PATHS = NO;
				CLANG_ANALYZER_NONNULL = YES;
				CLANG_ANALYZER_NUMBER_OBJECT_CONVERSION = YES_AGGRESSIVE;
				CLANG_CXX_LANGUAGE_STANDARD = "gnu++14";
				CLANG_CXX_LIBRARY = "libc++";
				CLANG_ENABLE_MODULES = YES;
				CLANG_ENABLE_OBJC_ARC = YES;
				CLANG_WARN_BLOCK_CAPTURE_AUTORELEASING = YES;
				CLANG_WARN_BOOL_CONVERSION = YES;
				CLANG_WARN_COMMA = YES;
				CLANG_WARN_CONSTANT_CONVERSION = YES;
				CLANG_WARN_DIRECT_OBJC_ISA_USAGE = YES_ERROR;
				CLANG_WARN_DOCUMENTATION_COMMENTS = YES;
				CLANG_WARN_EMPTY_BODY = YES;
				CLANG_WARN_ENUM_CONVERSION = YES;
				CLANG_WARN_INFINITE_RECURSION = YES;
				CLANG_WARN_INT_CONVERSION = YES;
				CLANG_WARN_NON_LITERAL_NULL_CONVERSION = YES;
				CLANG_WARN_OBJC_LITERAL_CONVERSION = YES;
				CLANG_WARN_OBJC_ROOT_CLASS = YES_ERROR;
				CLANG_WARN_RANGE_LOOP_ANALYSIS = YES;
				CLANG_WARN_STRICT_PROTOTYPES = YES;
				CLANG_WARN_SUSPICIOUS_MOVE = YES;
				CLANG_WARN_UNGUARDED_AVAILABILITY = YES_AGGRESSIVE;
				CLANG_WARN_UNREACHABLE_CODE = YES;
				CLANG_WARN__DUPLICATE_METHOD_MATCH = YES;
				CODE_SIGN_IDENTITY = "iPhone Developer";
				COPY_PHASE_STRIP = NO;
				DEBUG_INFORMATION_FORMAT = "dwarf-with-dsym";
				ENABLE_NS_ASSERTIONS = NO;
				ENABLE_STRICT_OBJC_MSGSEND = YES;
				GCC_C_LANGUAGE_STANDARD = gnu11;
				GCC_NO_COMMON_BLOCKS = YES;
				GCC_WARN_64_TO_32_BIT_CONVERSION = YES;
				GCC_WARN_ABOUT_RETURN_TYPE = YES_ERROR;
				GCC_WARN_UNDECLARED_SELECTOR = YES;
				GCC_WARN_UNINITIALIZED_AUTOS = YES_AGGRESSIVE;
				GCC_WARN_UNUSED_FUNCTION = YES;
				GCC_WARN_UNUSED_VARIABLE = YES;
				IPHONEOS_DEPLOYMENT_TARGET = 11.1;
				MTL_ENABLE_DEBUG_INFO = NO;
				SDKROOT = iphoneos;
				SWIFT_OPTIMIZATION_LEVEL = "-Owholemodule";
				VALIDATE_PRODUCT = YES;
			};
			name = Release;
		};
		6817292F1FBC9D3C006B6274 /* Debug */ = {
			isa = XCBuildConfiguration;
			buildSettings = {
				ASSETCATALOG_COMPILER_APPICON_NAME = AppIcon;
				CODE_SIGN_STYLE = Automatic;
				DEVELOPMENT_TEAM = 5LH3ZH362W;
				INFOPLIST_FILE = "Pokemon go/Info.plist";
				IPHONEOS_DEPLOYMENT_TARGET = 10.0;
				LD_RUNPATH_SEARCH_PATHS = "$(inherited) @executable_path/Frameworks";
				PRODUCT_BUNDLE_IDENTIFIER = "com.radoslav.Pokemon-go";
				PRODUCT_NAME = "$(TARGET_NAME)";
				SWIFT_VERSION = 4.0;
				TARGETED_DEVICE_FAMILY = "1,2";
			};
			name = Debug;
		};
		681729301FBC9D3C006B6274 /* Release */ = {
			isa = XCBuildConfiguration;
			buildSettings = {
				ASSETCATALOG_COMPILER_APPICON_NAME = AppIcon;
				CODE_SIGN_STYLE = Automatic;
				DEVELOPMENT_TEAM = 5LH3ZH362W;
				INFOPLIST_FILE = "Pokemon go/Info.plist";
				IPHONEOS_DEPLOYMENT_TARGET = 10.0;
				LD_RUNPATH_SEARCH_PATHS = "$(inherited) @executable_path/Frameworks";
				PRODUCT_BUNDLE_IDENTIFIER = "com.radoslav.Pokemon-go";
				PRODUCT_NAME = "$(TARGET_NAME)";
				SWIFT_VERSION = 4.0;
				TARGETED_DEVICE_FAMILY = "1,2";
			};
			name = Release;
		};
/* End XCBuildConfiguration section */

/* Begin XCConfigurationList section */
		681729141FBC9D3C006B6274 /* Build configuration list for PBXProject "Pokemon go" */ = {
			isa = XCConfigurationList;
			buildConfigurations = (
				6817292C1FBC9D3C006B6274 /* Debug */,
				6817292D1FBC9D3C006B6274 /* Release */,
			);
			defaultConfigurationIsVisible = 0;
			defaultConfigurationName = Release;
		};
		6817292E1FBC9D3C006B6274 /* Build configuration list for PBXNativeTarget "Pokemon go" */ = {
			isa = XCConfigurationList;
			buildConfigurations = (
				6817292F1FBC9D3C006B6274 /* Debug */,
				681729301FBC9D3C006B6274 /* Release */,
			);
			defaultConfigurationIsVisible = 0;
			defaultConfigurationName = Release;
		};
/* End XCConfigurationList section */

/* Begin XCVersionGroup section */
		681729231FBC9D3C006B6274 /* Pokemon_go.xcdatamodeld */ = {
			isa = XCVersionGroup;
			children = (
				681729241FBC9D3C006B6274 /* Pokemon_go.xcdatamodel */,
			);
			currentVersion = 681729241FBC9D3C006B6274 /* Pokemon_go.xcdatamodel */;
			path = Pokemon_go.xcdatamodeld;
			sourceTree = "<group>";
			versionGroupType = wrapper.xcdatamodel;
		};
/* End XCVersionGroup section */
	};
	rootObject = 681729111FBC9D3C006B6274 /* Project object */;
}
